
Microsoft Visual Studio Solution File, Format Version 12.00
# Visual Studio Version 17
VisualStudioVersion = 17.14.36623.8
MinimumVisualStudioVersion = 10.0.40219.1
Project("{FAE04EC0-301F-11D3-BF4B-00C04F79EFBC}") = "MyScheduleApp", "MyScheduleApp\MyScheduleApp.csproj", "{347CFE52-AED1-4081-8FFB-61E48F4F0960}"
EndProject
Project("{FAE04EC0-301F-11D3-BF4B-00C04F79EFBC}") = "MyScheduleApp.Tests", "MyScheduleApp.Tests\MyScheduleApp.Tests.csproj", "{2F21C54C-A9E9-4490-A30B-89BB5BC8BFFB}"
EndProject
Global
	GlobalSection(SolutionConfigurationPlatforms) = preSolution
		Debug|Any CPU = Debug|Any CPU
		Release|Any CPU = Release|Any CPU
	EndGlobalSection
	GlobalSection(ProjectConfigurationPlatforms) = postSolution
		{347CFE52-AED1-4081-8FFB-61E48F4F0960}.Debug|Any CPU.ActiveCfg = Debug|Any CPU
		{347CFE52-AED1-4081-8FFB-61E48F4F0960}.Debug|Any CPU.Build.0 = Debug|Any CPU
		{347CFE52-AED1-4081-8FFB-61E48F4F0960}.Release|Any CPU.ActiveCfg = Release|Any CPU
		{347CFE52-AED1-4081-8FFB-61E48F4F0960}.Release|Any CPU.Build.0 = Release|Any CPU
		{2F21C54C-A9E9-4490-A30B-89BB5BC8BFFB}.Debug|Any CPU.ActiveCfg = Debug|Any CPU
		{2F21C54C-A9E9-4490-A30B-89BB5BC8BFFB}.Debug|Any CPU.Build.0 = Debug|Any CPU
		{2F21C54C-A9E9-4490-A30B-89BB5BC8BFFB}.Release|Any CPU.ActiveCfg = Release|Any CPU
		{2F21C54C-A9E9-4490-A30B-89BB5BC8BFFB}.Release|Any CPU.Build.0 = Release|Any CPU
	EndGlobalSection
	GlobalSection(SolutionProperties) = preSolution
		HideSolutionNode = FALSE
	EndGlobalSection
	GlobalSection(ExtensibilityGlobals) = postSolution
		SolutionGuid = {245E58F0-D193-4930-AD9C-3E80C4C29295}
	EndGlobalSection
EndGlobal
